# @generated by Move, please check-in and do not edit manually.

[move]
version = 3
manifest_digest = "26FE43B056B949F6452E0B0B8B1738A08F0FB6A0F00BE78328076F859F4A9E99"
deps_digest = "3C4103934B1E040BB6B23F1D610B4EF9F2F1166A50A104EADCF77467C004C600"
dependencies = [
  { id = "BuckyouCore", name = "BuckyouCore" },
  { id = "Sui", name = "Sui" },
]

[[move.package]]
id = "BuckyouCore"
source = { local = "../../core" }

dependencies = [
  { id = "LiquidlogicFramework", name = "LiquidlogicFramework" },
  { id = "Sui", name = "Sui" },
]

[[move.package]]
id = "LiquidlogicFramework"
source = { git = "https://github.com/LiquidLogic-Tech/liquidlogic-framework.git", rev = "testnet", subdir = "" }

dependencies = [
  { id = "Sui", name = "Sui" },
]

[[move.package]]
id = "MoveStdlib"
source = { git = "https://github.com/MystenLabs/sui.git", rev = "framework/mainnet", subdir = "crates/sui-framework/packages/move-stdlib" }

[[move.package]]
id = "Sui"
source = { git = "https://github.com/MystenLabs/sui.git", rev = "framework/mainnet", subdir = "crates/sui-framework/packages/sui-framework" }

dependencies = [
  { id = "MoveStdlib", name = "MoveStdlib" },
]

[move.toolchain-version]
compiler-version = "1.39.4"
edition = "2024.beta"
flavor = "sui"

[env]

[env.testnet]
chain-id = "4c78adac"
original-published-id = "0x51737435eee7c62a30f2424a4c3e16f870bb636dedfed53dbfaa4de189fb7281"
latest-published-id = "0x51737435eee7c62a30f2424a4c3e16f870bb636dedfed53dbfaa4de189fb7281"
published-version = "1"
