# @generated by Move, please check-in and do not edit manually.

[move]
version = 3
manifest_digest = "36069A5145267E585D4A7797750D8AA282942F4FB4B5ACF1FB03F86A027CA121"
deps_digest = "F8BBB0CCB2491CA29A3DF03D6F92277A4F3574266507ACD77214D37ECA3F3082"
dependencies = [
  { id = "Sui", name = "Sui" },
]

[[move.package]]
id = "MoveStdlib"
source = { git = "https://github.com/MystenLabs/sui.git", rev = "framework/mainnet", subdir = "crates/sui-framework/packages/move-stdlib" }

[[move.package]]
id = "Sui"
source = { git = "https://github.com/MystenLabs/sui.git", rev = "framework/mainnet", subdir = "crates/sui-framework/packages/sui-framework" }

dependencies = [
  { id = "MoveStdlib", name = "MoveStdlib" },
]

[move.toolchain-version]
compiler-version = "1.39.4"
edition = "2024.beta"
flavor = "sui"

[env]

[env.mainnet]
chain-id = "35834a8a"
original-published-id = "0xc955c9c7e858f9055f6de56dea385e90d4bc650f8bb03323a9de4fc7d88b0261"
latest-published-id = "0xc955c9c7e858f9055f6de56dea385e90d4bc650f8bb03323a9de4fc7d88b0261"
published-version = "1"
